<Solution>
  <Folder Name="/src/">
    <Project Path="src/Iron.Cli/Iron.Cli.fsproj" />
    <Project Path="src/Iron.Host/Iron.Host.fsproj" />
  </Folder>
  <Folder Name="/tests/">
    <Project Path="tests/Iron.Tests/Iron.Tests.fsproj" />
  </Folder>
  <Project Path="../IronKernel/IronKernel.Runtime/IronKernel.Runtime.fsproj" />
  <Project Path="../IronKernel/IronKernel/IronKernel.fsproj" />
  <Project Path="../IronKernel/Mono.Terminal/Mono.Terminal.csproj" />
</Solution>
